
Microsoft Visual Studio Solution File, Format Version 12.00
# Visual Studio 15
VisualStudioVersion = 15.0.28307.572
MinimumVisualStudioVersion = 10.0.40219.1
Project("{FAE04EC0-301F-11D3-BF4B-00C04F79EFBC}") = "WorldBank", "WorldBank\WorldBank.csproj", "{DBD696A9-B16F-4E4B-ABB3-191B2DAC9391}"
EndProject
Global
	GlobalSection(SolutionConfigurationPlatforms) = preSolution
		Debug|Any CPU = Debug|Any CPU
		Release|Any CPU = Release|Any CPU
	EndGlobalSection
	GlobalSection(ProjectConfigurationPlatforms) = postSolution
		{DBD696A9-B16F-4E4B-ABB3-191B2DAC9391}.Debug|Any CPU.ActiveCfg = Debug|Any CPU
		{DBD696A9-B16F-4E4B-ABB3-191B2DAC9391}.Debug|Any CPU.Build.0 = Debug|Any CPU
		{DBD696A9-B16F-4E4B-ABB3-191B2DAC9391}.Release|Any CPU.ActiveCfg = Release|Any CPU
		{DBD696A9-B16F-4E4B-ABB3-191B2DAC9391}.Release|Any CPU.Build.0 = Release|Any CPU
	EndGlobalSection
	GlobalSection(SolutionProperties) = preSolution
		HideSolutionNode = FALSE
	EndGlobalSection
	GlobalSection(ExtensibilityGlobals) = postSolution
		SolutionGuid = {ED583FFF-53A6-4A5F-A4B7-64AADF749997}
	EndGlobalSection
EndGlobal
